// !$*UTF8*$!
{
	archiveVersion = 1;
	classes = {
	};
	objectVersion = 77;
	objects = {

/* Begin PBXBuildFile section */
		4B1B00DB2FB79C1800A7E89A /* BebasNeue-Regular.ttf in Resources */ = {isa = PBXBuildFile; fileRef = 4B1B00DA2FB79C1800A7E89A /* BebasNeue-Regular.ttf */; };
		4B1B00E22FB7A5D500A7E89A /* Satisfy-Regular.ttf in Resources */ = {isa = PBXBuildFile; fileRef = 4B1B00E12FB7A5D500A7E89A /* Satisfy-Regular.ttf */; };
		4B1B00E42FB7A62500A7E89A /* DancingScript-Bold.ttf in Resources */ = {isa = PBXBuildFile; fileRef = 4B1B00E32FB7A62500A7E89A /* DancingScript-Bold.ttf */; };
		4B1B00E62FB7A63900A7E89A /* DancingScript-Regular.ttf in Resources */ = {isa = PBXBuildFile; fileRef = 4B1B00E52FB7A63900A7E89A /* DancingScript-Regular.ttf */; };
		4B1B00E82FB7A7F500A7E89A /* GreatVibes-Regular.ttf in Resources */ = {isa = PBXBuildFile; fileRef = 4B1B00E72FB7A7F500A7E89A /* GreatVibes-Regular.ttf */; };
		4B1B00EE2FB7A87F00A7E89A /* Montserrat-Regular.ttf in Resources */ = {isa = PBXBuildFile; fileRef = 4B1B00EB2FB7A87F00A7E89A /* Montserrat-Regular.ttf */; };
		4B1B00EF2FB7A87F00A7E89A /* Montserrat-Thin.ttf in Resources */ = {isa = PBXBuildFile; fileRef = 4B1B00EC2FB7A87F00A7E89A /* Montserrat-Thin.ttf */; };
		4B1B00F02FB7A87F00A7E89A /* Montserrat-Bold.ttf in Resources */ = {isa = PBXBuildFile; fileRef = 4B1B00E92FB7A87F00A7E89A /* Montserrat-Bold.ttf */; };
		4B1B00F12FB7A87F00A7E89A /* Montserrat-ThinItalic.ttf in Resources */ = {isa = PBXBuildFile; fileRef = 4B1B00ED2FB7A87F00A7E89A /* Montserrat-ThinItalic.ttf */; };
		4B1B00F22FB7A87F00A7E89A /* Montserrat-Italic.ttf in Resources */ = {isa = PBXBuildFile; fileRef = 4B1B00EA2FB7A87F00A7E89A /* Montserrat-Italic.ttf */; };
		4B1B00F42FB7A91300A7E89A /* Montserrat-BoldItalic.ttf in Resources */ = {isa = PBXBuildFile; fileRef = 4B1B00F32FB7A91300A7E89A /* Montserrat-BoldItalic.ttf */; };
		4B1B00F82FB7A96200A7E89A /* Oswald-Bold.ttf in Resources */ = {isa = PBXBuildFile; fileRef = 4B1B00F52FB7A96200A7E89A /* Oswald-Bold.ttf */; };
		4B1B00F92FB7A96200A7E89A /* Oswald-Regular.ttf in Resources */ = {isa = PBXBuildFile; fileRef = 4B1B00F72FB7A96200A7E89A /* Oswald-Regular.ttf */; };
		4B1B00FA2FB7A96200A7E89A /* Oswald-Medium.ttf in Resources */ = {isa = PBXBuildFile; fileRef = 4B1B00F62FB7A96200A7E89A /* Oswald-Medium.ttf */; };
		4B1B01052FB87EFB00A7E89A /* StoryScript-Regular.ttf in Resources */ = {isa = PBXBuildFile; fileRef = 4B1B01042FB87EFB00A7E89A /* StoryScript-Regular.ttf */; };
		4B1B01092FB87F0E00A7E89A /* Orbitron-Bold.ttf in Resources */ = {isa = PBXBuildFile; fileRef = 4B1B01062FB87F0E00A7E89A /* Orbitron-Bold.ttf */; };
		4B1B010A2FB87F0E00A7E89A /* Orbitron-Regular.ttf in Resources */ = {isa = PBXBuildFile; fileRef = 4B1B01072FB87F0E00A7E89A /* Orbitron-Regular.ttf */; };
		4B1B010B2FB87F0E00A7E89A /* Orbitron-SemiBold.ttf in Resources */ = {isa = PBXBuildFile; fileRef = 4B1B01082FB87F0E00A7E89A /* Orbitron-SemiBold.ttf */; };
		4B1B010D2FB87F1C00A7E89A /* Limelight-Regular.ttf in Resources */ = {isa = PBXBuildFile; fileRef = 4B1B010C2FB87F1C00A7E89A /* Limelight-Regular.ttf */; };
		4B1B01112FB9115500A7E89A /* Coiny-Regular.ttf in Resources */ = {isa = PBXBuildFile; fileRef = 4B1B01102FB9115500A7E89A /* Coiny-Regular.ttf */; };
		4B1B01132FB9117800A7E89A /* Lobster-Regular.ttf in Resources */ = {isa = PBXBuildFile; fileRef = 4B1B01122FB9117800A7E89A /* Lobster-Regular.ttf */; };
		4B1B01152FB911AB00A7E89A /* ImperialScript-Regular.ttf in Resources */ = {isa = PBXBuildFile; fileRef = 4B1B01142FB911AB00A7E89A /* ImperialScript-Regular.ttf */; };
/* End PBXBuildFile section */

/* Begin PBXFileReference section */
		4B1B00DA2FB79C1800A7E89A /* BebasNeue-Regular.ttf */ = {isa = PBXFileReference; lastKnownFileType = file; path = "BebasNeue-Regular.ttf"; sourceTree = "<group>"; };
		4B1B00E12FB7A5D500A7E89A /* Satisfy-Regular.ttf */ = {isa = PBXFileReference; lastKnownFileType = file; path = "Satisfy-Regular.ttf"; sourceTree = "<group>"; };
		4B1B00E32FB7A62500A7E89A /* DancingScript-Bold.ttf */ = {isa = PBXFileReference; lastKnownFileType = file; path = "DancingScript-Bold.ttf"; sourceTree = "<group>"; };
		4B1B00E52FB7A63900A7E89A /* DancingScript-Regular.ttf */ = {isa = PBXFileReference; lastKnownFileType = file; path = "DancingScript-Regular.ttf"; sourceTree = "<group>"; };
		4B1B00E72FB7A7F500A7E89A /* GreatVibes-Regular.ttf */ = {isa = PBXFileReference; lastKnownFileType = file; path = "GreatVibes-Regular.ttf"; sourceTree = "<group>"; };
		4B1B00E92FB7A87F00A7E89A /* Montserrat-Bold.ttf */ = {isa = PBXFileReference; lastKnownFileType = file; path = "Montserrat-Bold.ttf"; sourceTree = "<group>"; };
		4B1B00EA2FB7A87F00A7E89A /* Montserrat-Italic.ttf */ = {isa = PBXFileReference; lastKnownFileType = file; path = "Montserrat-Italic.ttf"; sourceTree = "<group>"; };
		4B1B00EB2FB7A87F00A7E89A /* Montserrat-Regular.ttf */ = {isa = PBXFileReference; lastKnownFileType = file; path = "Montserrat-Regular.ttf"; sourceTree = "<group>"; };
		4B1B00EC2FB7A87F00A7E89A /* Montserrat-Thin.ttf */ = {isa = PBXFileReference; lastKnownFileType = file; path = "Montserrat-Thin.ttf"; sourceTree = "<group>"; };
		4B1B00ED2FB7A87F00A7E89A /* Montserrat-ThinItalic.ttf */ = {isa = PBXFileReference; lastKnownFileType = file; path = "Montserrat-ThinItalic.ttf"; sourceTree = "<group>"; };
		4B1B00F32FB7A91300A7E89A /* Montserrat-BoldItalic.ttf */ = {isa = PBXFileReference; lastKnownFileType = file; path = "Montserrat-BoldItalic.ttf"; sourceTree = "<group>"; };
		4B1B00F52FB7A96200A7E89A /* Oswald-Bold.ttf */ = {isa = PBXFileReference; lastKnownFileType = file; path = "Oswald-Bold.ttf"; sourceTree = "<group>"; };
		4B1B00F62FB7A96200A7E89A /* Oswald-Medium.ttf */ = {isa = PBXFileReference; lastKnownFileType = file; path = "Oswald-Medium.ttf"; sourceTree = "<group>"; };
		4B1B00F72FB7A96200A7E89A /* Oswald-Regular.ttf */ = {isa = PBXFileReference; lastKnownFileType = file; path = "Oswald-Regular.ttf"; sourceTree = "<group>"; };
		4B1B01042FB87EFB00A7E89A /* StoryScript-Regular.ttf */ = {isa = PBXFileReference; lastKnownFileType = file; path = "StoryScript-Regular.ttf"; sourceTree = "<group>"; };
		4B1B01062FB87F0E00A7E89A /* Orbitron-Bold.ttf */ = {isa = PBXFileReference; lastKnownFileType = file; path = "Orbitron-Bold.ttf"; sourceTree = "<group>"; };
		4B1B01072FB87F0E00A7E89A /* Orbitron-Regular.ttf */ = {isa = PBXFileReference; lastKnownFileType = file; path = "Orbitron-Regular.ttf"; sourceTree = "<group>"; };
		4B1B01082FB87F0E00A7E89A /* Orbitron-SemiBold.ttf */ = {isa = PBXFileReference; lastKnownFileType = file; path = "Orbitron-SemiBold.ttf"; sourceTree = "<group>"; };
		4B1B010C2FB87F1C00A7E89A /* Limelight-Regular.ttf */ = {isa = PBXFileReference; lastKnownFileType = file; path = "Limelight-Regular.ttf"; sourceTree = "<group>"; };
		4B1B01102FB9115500A7E89A /* Coiny-Regular.ttf */ = {isa = PBXFileReference; lastKnownFileType = file; path = "Coiny-Regular.ttf"; sourceTree = "<group>"; };
		4B1B01122FB9117800A7E89A /* Lobster-Regular.ttf */ = {isa = PBXFileReference; lastKnownFileType = file; path = "Lobster-Regular.ttf"; sourceTree = "<group>"; };
		4B1B01142FB911AB00A7E89A /* ImperialScript-Regular.ttf */ = {isa = PBXFileReference; lastKnownFileType = file; path = "ImperialScript-Regular.ttf"; sourceTree = "<group>"; };
		4BE0096B2FA292F80078A6F6 /* ConConnect.app */ = {isa = PBXFileReference; explicitFileType = wrapper.application; includeInIndex = 0; path = ConConnect.app; sourceTree = BUILT_PRODUCTS_DIR; };
/* End PBXFileReference section */

/* Begin PBXFileSystemSynchronizedBuildFileExceptionSet section */
		4B3D9D532FB642D8006FAA1C /* Exceptions for "ConConnect" folder in "ConConnect" target */ = {
			isa = PBXFileSystemSynchronizedBuildFileExceptionSet;
			membershipExceptions = (
				Info.plist,
			);
			target = 4BE0096A2FA292F80078A6F6 /* ConConnect */;
		};
/* End PBXFileSystemSynchronizedBuildFileExceptionSet section */

/* Begin PBXFileSystemSynchronizedRootGroup section */
		4BE0096D2FA292F80078A6F6 /* ConConnect */ = {
			isa = PBXFileSystemSynchronizedRootGroup;
			exceptions = (
				4B3D9D532FB642D8006FAA1C /* Exceptions for "ConConnect" folder in "ConConnect" target */,
			);
			path = ConConnect;
			sourceTree = "<group>";
		};
/* End PBXFileSystemSynchronizedRootGroup section */

/* Begin PBXFrameworksBuildPhase section */
		4BE009682FA292F80078A6F6 /* Frameworks */ = {
			isa = PBXFrameworksBuildPhase;
			buildActionMask = 2147483647;
			files = (
			);
			runOnlyForDeploymentPostprocessing = 0;
		};
/* End PBXFrameworksBuildPhase section */

/* Begin PBXGroup section */
		4B1B00DC2FB79C5500A7E89A /* Fonts */ = {
			isa = PBXGroup;
			children = (
				4B1B01142FB911AB00A7E89A /* ImperialScript-Regular.ttf */,
				4B1B01102FB9115500A7E89A /* Coiny-Regular.ttf */,
				4B1B00E92FB7A87F00A7E89A /* Montserrat-Bold.ttf */,
				4B1B00EA2FB7A87F00A7E89A /* Montserrat-Italic.ttf */,
				4B1B00EB2FB7A87F00A7E89A /* Montserrat-Regular.ttf */,
				4B1B00EC2FB7A87F00A7E89A /* Montserrat-Thin.ttf */,
				4B1B00F52FB7A96200A7E89A /* Oswald-Bold.ttf */,
				4B1B00F62FB7A96200A7E89A /* Oswald-Medium.ttf */,
				4B1B010C2FB87F1C00A7E89A /* Limelight-Regular.ttf */,
				4B1B00F72FB7A96200A7E89A /* Oswald-Regular.ttf */,
				4B1B01122FB9117800A7E89A /* Lobster-Regular.ttf */,
				4B1B00ED2FB7A87F00A7E89A /* Montserrat-ThinItalic.ttf */,
				4B1B00E12FB7A5D500A7E89A /* Satisfy-Regular.ttf */,
				4B1B01062FB87F0E00A7E89A /* Orbitron-Bold.ttf */,
				4B1B01072FB87F0E00A7E89A /* Orbitron-Regular.ttf */,
				4B1B01082FB87F0E00A7E89A /* Orbitron-SemiBold.ttf */,
				4B1B00E52FB7A63900A7E89A /* DancingScript-Regular.ttf */,
				4B1B00E72FB7A7F500A7E89A /* GreatVibes-Regular.ttf */,
				4B1B00E32FB7A62500A7E89A /* DancingScript-Bold.ttf */,
				4B1B00DA2FB79C1800A7E89A /* BebasNeue-Regular.ttf */,
				4B1B00F32FB7A91300A7E89A /* Montserrat-BoldItalic.ttf */,
				4B1B01042FB87EFB00A7E89A /* StoryScript-Regular.ttf */,
			);
			path = Fonts;
			sourceTree = "<group>";
		};
		4BE009622FA292F80078A6F6 = {
			isa = PBXGroup;
			children = (
				4B1B00DC2FB79C5500A7E89A /* Fonts */,
				4BE0096D2FA292F80078A6F6 /* ConConnect */,
				4BE0096C2FA292F80078A6F6 /* Products */,
			);
			sourceTree = "<group>";
		};
		4BE0096C2FA292F80078A6F6 /* Products */ = {
			isa = PBXGroup;
			children = (
				4BE0096B2FA292F80078A6F6 /* ConConnect.app */,
			);
			name = Products;
			sourceTree = "<group>";
		};
/* End PBXGroup section */

/* Begin PBXNativeTarget section */
		4BE0096A2FA292F80078A6F6 /* ConConnect */ = {
			isa = PBXNativeTarget;
			buildConfigurationList = 4BE009762FA292FA0078A6F6 /* Build configuration list for PBXNativeTarget "ConConnect" */;
			buildPhases = (
				4BE009672FA292F80078A6F6 /* Sources */,
				4BE009682FA292F80078A6F6 /* Frameworks */,
				4BE009692FA292F80078A6F6 /* Resources */,
			);
			buildRules = (
			);
			dependencies = (
			);
			fileSystemSynchronizedGroups = (
				4BE0096D2FA292F80078A6F6 /* ConConnect */,
			);
			name = ConConnect;
			packageProductDependencies = (
			);
			productName = ConConnect;
			productReference = 4BE0096B2FA292F80078A6F6 /* ConConnect.app */;
			productType = "com.apple.product-type.application";
		};
/* End PBXNativeTarget section */

/* Begin PBXProject section */
		4BE009632FA292F80078A6F6 /* Project object */ = {
			isa = PBXProject;
			attributes = {
				BuildIndependentTargetsInParallel = 1;
				LastSwiftUpdateCheck = 2640;
				LastUpgradeCheck = 2650;
				TargetAttributes = {
					4BE0096A2FA292F80078A6F6 = {
						CreatedOnToolsVersion = 26.4.1;
					};
				};
			};
			buildConfigurationList = 4BE009662FA292F80078A6F6 /* Build configuration list for PBXProject "ConConnect" */;
			developmentRegion = en;
			hasScannedForEncodings = 0;
			knownRegions = (
				en,
				Base,
			);
			mainGroup = 4BE009622FA292F80078A6F6;
			minimizedProjectReferenceProxies = 1;
			preferredProjectObjectVersion = 77;
			productRefGroup = 4BE0096C2FA292F80078A6F6 /* Products */;
			projectDirPath = "";
			projectRoot = "";
			targets = (
				4BE0096A2FA292F80078A6F6 /* ConConnect */,
			);
		};
/* End PBXProject section */

/* Begin PBXResourcesBuildPhase section */
		4BE009692FA292F80078A6F6 /* Resources */ = {
			isa = PBXResourcesBuildPhase;
			buildActionMask = 2147483647;
			files = (
				4B1B01052FB87EFB00A7E89A /* StoryScript-Regular.ttf in Resources */,
				4B1B00F42FB7A91300A7E89A /* Montserrat-BoldItalic.ttf in Resources */,
				4B1B00EE2FB7A87F00A7E89A /* Montserrat-Regular.ttf in Resources */,
				4B1B010D2FB87F1C00A7E89A /* Limelight-Regular.ttf in Resources */,
				4B1B00EF2FB7A87F00A7E89A /* Montserrat-Thin.ttf in Resources */,
				4B1B00F02FB7A87F00A7E89A /* Montserrat-Bold.ttf in Resources */,
				4B1B00F12FB7A87F00A7E89A /* Montserrat-ThinItalic.ttf in Resources */,
				4B1B00F22FB7A87F00A7E89A /* Montserrat-Italic.ttf in Resources */,
				4B1B00F82FB7A96200A7E89A /* Oswald-Bold.ttf in Resources */,
				4B1B00F92FB7A96200A7E89A /* Oswald-Regular.ttf in Resources */,
				4B1B00FA2FB7A96200A7E89A /* Oswald-Medium.ttf in Resources */,
				4B1B01152FB911AB00A7E89A /* ImperialScript-Regular.ttf in Resources */,
				4B1B00E62FB7A63900A7E89A /* DancingScript-Regular.ttf in Resources */,
				4B1B00E22FB7A5D500A7E89A /* Satisfy-Regular.ttf in Resources */,
				4B1B00E42FB7A62500A7E89A /* DancingScript-Bold.ttf in Resources */,
				4B1B01112FB9115500A7E89A /* Coiny-Regular.ttf in Resources */,
				4B1B01132FB9117800A7E89A /* Lobster-Regular.ttf in Resources */,
				4B1B00DB2FB79C1800A7E89A /* BebasNeue-Regular.ttf in Resources */,
				4B1B01092FB87F0E00A7E89A /* Orbitron-Bold.ttf in Resources */,
				4B1B010A2FB87F0E00A7E89A /* Orbitron-Regular.ttf in Resources */,
				4B1B010B2FB87F0E00A7E89A /* Orbitron-SemiBold.ttf in Resources */,
				4B1B00E82FB7A7F500A7E89A /* GreatVibes-Regular.ttf in Resources */,
			);
			runOnlyForDeploymentPostprocessing = 0;
		};
/* End PBXResourcesBuildPhase section */

/* Begin PBXSourcesBuildPhase section */
		4BE009672FA292F80078A6F6 /* Sources */ = {
			isa = PBXSourcesBuildPhase;
			buildActionMask = 2147483647;
			files = (
			);
			runOnlyForDeploymentPostprocessing = 0;
		};
/* End PBXSourcesBuildPhase section */

/* Begin XCBuildConfiguration section */
		4BE009742FA292FA0078A6F6 /* Debug */ = {
			isa = XCBuildConfiguration;
			buildSettings = {
				ALWAYS_SEARCH_USER_PATHS = NO;
				ASSETCATALOG_COMPILER_GENERATE_SWIFT_ASSET_SYMBOL_EXTENSIONS = YES;
				CLANG_ANALYZER_NONNULL = YES;
				CLANG_ANALYZER_NUMBER_OBJECT_CONVERSION = YES_AGGRESSIVE;
				CLANG_CXX_LANGUAGE_STANDARD = "gnu++20";
				CLANG_ENABLE_MODULES = YES;
				CLANG_ENABLE_OBJC_ARC = YES;
				CLANG_ENABLE_OBJC_WEAK = YES;
				CLANG_WARN_BLOCK_CAPTURE_AUTORELEASING = YES;
				CLANG_WARN_BOOL_CONVERSION = YES;
				CLANG_WARN_COMMA = YES;
				CLANG_WARN_CONSTANT_CONVERSION = YES;
				CLANG_WARN_DEPRECATED_OBJC_IMPLEMENTATIONS = YES;
				CLANG_WARN_DIRECT_OBJC_ISA_USAGE = YES_ERROR;
				CLANG_WARN_DOCUMENTATION_COMMENTS = YES;
				CLANG_WARN_EMPTY_BODY = YES;
				CLANG_WARN_ENUM_CONVERSION = YES;
				CLANG_WARN_INFINITE_RECURSION = YES;
				CLANG_WARN_INT_CONVERSION = YES;
				CLANG_WARN_NON_LITERAL_NULL_CONVERSION = YES;
				CLANG_WARN_OBJC_IMPLICIT_RETAIN_SELF = YES;
				CLANG_WARN_OBJC_LITERAL_CONVERSION = YES;
				CLANG_WARN_OBJC_ROOT_CLASS = YES_ERROR;
				CLANG_WARN_QUOTED_INCLUDE_IN_FRAMEWORK_HEADER = YES;
				CLANG_WARN_RANGE_LOOP_ANALYSIS = YES;
				CLANG_WARN_STRICT_PROTOTYPES = YES;
				CLANG_WARN_SUSPICIOUS_MOVE = YES;
				CLANG_WARN_UNGUARDED_AVAILABILITY = YES_AGGRESSIVE;
				CLANG_WARN_UNREACHABLE_CODE = YES;
				CLANG_WARN__DUPLICATE_METHOD_MATCH = YES;
				COPY_PHASE_STRIP = NO;
				DEBUG_INFORMATION_FORMAT = dwarf;
				DEVELOPMENT_TEAM = UW4RABXBGU;
				ENABLE_STRICT_OBJC_MSGSEND = YES;
				ENABLE_TESTABILITY = YES;
				ENABLE_USER_SCRIPT_SANDBOXING = YES;
				GCC_C_LANGUAGE_STANDARD = gnu17;
				GCC_DYNAMIC_NO_PIC = NO;
				GCC_NO_COMMON_BLOCKS = YES;
				GCC_OPTIMIZATION_LEVEL = 0;
				GCC_PREPROCESSOR_DEFINITIONS = (
					"DEBUG=1",
					"$(inherited)",
				);
				GCC_WARN_64_TO_32_BIT_CONVERSION = YES;
				GCC_WARN_ABOUT_RETURN_TYPE = YES_ERROR;
				GCC_WARN_UNDECLARED_SELECTOR = YES;
				GCC_WARN_UNINITIALIZED_AUTOS = YES_AGGRESSIVE;
				GCC_WARN_UNUSED_FUNCTION = YES;
				GCC_WARN_UNUSED_VARIABLE = YES;
				IPHONEOS_DEPLOYMENT_TARGET = 26.4;
				LOCALIZATION_PREFERS_STRING_CATALOGS = YES;
				MTL_ENABLE_DEBUG_INFO = INCLUDE_SOURCE;
				MTL_FAST_MATH = YES;
				ONLY_ACTIVE_ARCH = YES;
				SDKROOT = iphoneos;
				STRING_CATALOG_GENERATE_SYMBOLS = YES;
				SWIFT_ACTIVE_COMPILATION_CONDITIONS = "DEBUG $(inherited)";
				SWIFT_OPTIMIZATION_LEVEL = "-Onone";
			};
			name = Debug;
		};
		4BE009752FA292FA0078A6F6 /* Release */ = {
			isa = XCBuildConfiguration;
			buildSettings = {
				ALWAYS_SEARCH_USER_PATHS = NO;
				ASSETCATALOG_COMPILER_GENERATE_SWIFT_ASSET_SYMBOL_EXTENSIONS = YES;
				CLANG_ANALYZER_NONNULL = YES;
				CLANG_ANALYZER_NUMBER_OBJECT_CONVERSION = YES_AGGRESSIVE;
				CLANG_CXX_LANGUAGE_STANDARD = "gnu++20";
				CLANG_ENABLE_MODULES = YES;
				CLANG_ENABLE_OBJC_ARC = YES;
				CLANG_ENABLE_OBJC_WEAK = YES;
				CLANG_WARN_BLOCK_CAPTURE_AUTORELEASING = YES;
				CLANG_WARN_BOOL_CONVERSION = YES;
				CLANG_WARN_COMMA = YES;
				CLANG_WARN_CONSTANT_CONVERSION = YES;
				CLANG_WARN_DEPRECATED_OBJC_IMPLEMENTATIONS = YES;
				CLANG_WARN_DIRECT_OBJC_ISA_USAGE = YES_ERROR;
				CLANG_WARN_DOCUMENTATION_COMMENTS = YES;
				CLANG_WARN_EMPTY_BODY = YES;
				CLANG_WARN_ENUM_CONVERSION = YES;
				CLANG_WARN_INFINITE_RECURSION = YES;
				CLANG_WARN_INT_CONVERSION = YES;
				CLANG_WARN_NON_LITERAL_NULL_CONVERSION = YES;
				CLANG_WARN_OBJC_IMPLICIT_RETAIN_SELF = YES;
				CLANG_WARN_OBJC_LITERAL_CONVERSION = YES;
				CLANG_WARN_OBJC_ROOT_CLASS = YES_ERROR;
				CLANG_WARN_QUOTED_INCLUDE_IN_FRAMEWORK_HEADER = YES;
				CLANG_WARN_RANGE_LOOP_ANALYSIS = YES;
				CLANG_WARN_STRICT_PROTOTYPES = YES;
				CLANG_WARN_SUSPICIOUS_MOVE = YES;
				CLANG_WARN_UNGUARDED_AVAILABILITY = YES_AGGRESSIVE;
				CLANG_WARN_UNREACHABLE_CODE = YES;
				CLANG_WARN__DUPLICATE_METHOD_MATCH = YES;
				COPY_PHASE_STRIP = NO;
				DEBUG_INFORMATION_FORMAT = "dwarf-with-dsym";
				DEVELOPMENT_TEAM = UW4RABXBGU;
				ENABLE_NS_ASSERTIONS = NO;
				ENABLE_STRICT_OBJC_MSGSEND = YES;
				ENABLE_USER_SCRIPT_SANDBOXING = YES;
				GCC_C_LANGUAGE_STANDARD = gnu17;
				GCC_NO_COMMON_BLOCKS = YES;
				GCC_WARN_64_TO_32_BIT_CONVERSION = YES;
				GCC_WARN_ABOUT_RETURN_TYPE = YES_ERROR;
				GCC_WARN_UNDECLARED_SELECTOR = YES;
				GCC_WARN_UNINITIALIZED_AUTOS = YES_AGGRESSIVE;
				GCC_WARN_UNUSED_FUNCTION = YES;
				GCC_WARN_UNUSED_VARIABLE = YES;
				IPHONEOS_DEPLOYMENT_TARGET = 26.4;
				LOCALIZATION_PREFERS_STRING_CATALOGS = YES;
				MTL_ENABLE_DEBUG_INFO = NO;
				MTL_FAST_MATH = YES;
				SDKROOT = iphoneos;
				STRING_CATALOG_GENERATE_SYMBOLS = YES;
				SWIFT_COMPILATION_MODE = wholemodule;
				VALIDATE_PRODUCT = YES;
			};
			name = Release;
		};
		4BE009772FA292FA0078A6F6 /* Debug */ = {
			isa = XCBuildConfiguration;
			buildSettings = {
				ASSETCATALOG_COMPILER_APPICON_NAME = CC;
				ASSETCATALOG_COMPILER_GLOBAL_ACCENT_COLOR_NAME = AccentColor;
				CODE_SIGN_STYLE = Automatic;
				CURRENT_PROJECT_VERSION = 2;
				DEVELOPMENT_TEAM = UW4RABXBGU;
				ENABLE_PREVIEWS = YES;
				GENERATE_INFOPLIST_FILE = YES;
				INFOPLIST_FILE = ConConnect/Info.plist;
				INFOPLIST_KEY_CFBundleDisplayName = "Conn Connect";
				INFOPLIST_KEY_ITSAppUsesNonExemptEncryption = NO;
				INFOPLIST_KEY_LSApplicationCategoryType = "public.app-category.entertainment";
				INFOPLIST_KEY_NSPhotoLibraryUsageDescription = "We need access to your photo library to add images to your convention slideshow.";
				INFOPLIST_KEY_UIApplicationSceneManifest_Generation = YES;
				INFOPLIST_KEY_UIApplicationSupportsIndirectInputEvents = YES;
				INFOPLIST_KEY_UISupportedInterfaceOrientations = "UIInterfaceOrientationLandscapeLeft UIInterfaceOrientationLandscapeRight";
				INFOPLIST_KEY_UISupportedInterfaceOrientations_iPad = "UIInterfaceOrientationLandscapeLeft UIInterfaceOrientationLandscapeRight UIInterfaceOrientationPortrait UIInterfaceOrientationPortraitUpsideDown";
				IPHONEOS_DEPLOYMENT_TARGET = 26.0;
				LD_RUNPATH_SEARCH_PATHS = (
					"$(inherited)",
					"@executable_path/Frameworks",
				);
				MARKETING_VERSION = 1.1;
				PRODUCT_BUNDLE_IDENTIFIER = DonjaMedia.ConConnect;
				PRODUCT_NAME = "$(TARGET_NAME)";
				STRING_CATALOG_GENERATE_SYMBOLS = YES;
				SUPPORTED_PLATFORMS = "iphoneos iphonesimulator";
				SUPPORTS_MACCATALYST = NO;
				SUPPORTS_MAC_DESIGNED_FOR_IPHONE_IPAD = NO;
				SUPPORTS_XR_DESIGNED_FOR_IPHONE_IPAD = NO;
				SWIFT_APPROACHABLE_CONCURRENCY = YES;
				SWIFT_DEFAULT_ACTOR_ISOLATION = MainActor;
				SWIFT_EMIT_LOC_STRINGS = YES;
				SWIFT_UPCOMING_FEATURE_MEMBER_IMPORT_VISIBILITY = YES;
				SWIFT_VERSION = 5.0;
				TARGETED_DEVICE_FAMILY = 2;
			};
			name = Debug;
		};
		4BE009782FA292FA0078A6F6 /* Release */ = {
			isa = XCBuildConfiguration;
			buildSettings = {
				ASSETCATALOG_COMPILER_APPICON_NAME = CC;
				ASSETCATALOG_COMPILER_GLOBAL_ACCENT_COLOR_NAME = AccentColor;
				CODE_SIGN_STYLE = Automatic;
				CURRENT_PROJECT_VERSION = 2;
				DEVELOPMENT_TEAM = UW4RABXBGU;
				ENABLE_PREVIEWS = YES;
				GENERATE_INFOPLIST_FILE = YES;
				INFOPLIST_FILE = ConConnect/Info.plist;
				INFOPLIST_KEY_CFBundleDisplayName = "Conn Connect";
				INFOPLIST_KEY_ITSAppUsesNonExemptEncryption = NO;
				INFOPLIST_KEY_LSApplicationCategoryType = "public.app-category.entertainment";
				INFOPLIST_KEY_NSPhotoLibraryUsageDescription = "We need access to your photo library to add images to your convention slideshow.";
				INFOPLIST_KEY_UIApplicationSceneManifest_Generation = YES;
				INFOPLIST_KEY_UIApplicationSupportsIndirectInputEvents = YES;
				INFOPLIST_KEY_UISupportedInterfaceOrientations = "UIInterfaceOrientationLandscapeLeft UIInterfaceOrientationLandscapeRight";
				INFOPLIST_KEY_UISupportedInterfaceOrientations_iPad = "UIInterfaceOrientationLandscapeLeft UIInterfaceOrientationLandscapeRight UIInterfaceOrientationPortrait UIInterfaceOrientationPortraitUpsideDown";
				IPHONEOS_DEPLOYMENT_TARGET = 26.0;
				LD_RUNPATH_SEARCH_PATHS = (
					"$(inherited)",
					"@executable_path/Frameworks",
				);
				MARKETING_VERSION = 1.1;
				PRODUCT_BUNDLE_IDENTIFIER = DonjaMedia.ConConnect;
				PRODUCT_NAME = "$(TARGET_NAME)";
				STRING_CATALOG_GENERATE_SYMBOLS = YES;
				SUPPORTED_PLATFORMS = "iphoneos iphonesimulator";
				SUPPORTS_MACCATALYST = NO;
				SUPPORTS_MAC_DESIGNED_FOR_IPHONE_IPAD = NO;
				SUPPORTS_XR_DESIGNED_FOR_IPHONE_IPAD = NO;
				SWIFT_APPROACHABLE_CONCURRENCY = YES;
				SWIFT_DEFAULT_ACTOR_ISOLATION = MainActor;
				SWIFT_EMIT_LOC_STRINGS = YES;
				SWIFT_UPCOMING_FEATURE_MEMBER_IMPORT_VISIBILITY = YES;
				SWIFT_VERSION = 5.0;
				TARGETED_DEVICE_FAMILY = 2;
			};
			name = Release;
		};
/* End XCBuildConfiguration section */

/* Begin XCConfigurationList section */
		4BE009662FA292F80078A6F6 /* Build configuration list for PBXProject "ConConnect" */ = {
			isa = XCConfigurationList;
			buildConfigurations = (
				4BE009742FA292FA0078A6F6 /* Debug */,
				4BE009752FA292FA0078A6F6 /* Release */,
			);
			defaultConfigurationIsVisible = 0;
			defaultConfigurationName = Release;
		};
		4BE009762FA292FA0078A6F6 /* Build configuration list for PBXNativeTarget "ConConnect" */ = {
			isa = XCConfigurationList;
			buildConfigurations = (
				4BE009772FA292FA0078A6F6 /* Debug */,
				4BE009782FA292FA0078A6F6 /* Release */,
			);
			defaultConfigurationIsVisible = 0;
			defaultConfigurationName = Release;
		};
/* End XCConfigurationList section */
	};
	rootObject = 4BE009632FA292F80078A6F6 /* Project object */;
}
